# THIS IS AN AUTOGENERATED FILE. DO NOT EDIT THIS FILE DIRECTLY.
# yarn lockfile v1
bluebird@^3.4.7:
  version "3.5.2"
  resolved "https://registry.yarnpkg.com/bluebird/-/bluebird-3.5.2.tgz#1be0908e054a751754549c270489c1505d4ab15a"

serverless-prune-plugin:
  version "1.3.1"
  resolved "https://registry.yarnpkg.com/serverless-prune-plugin/-/serverless-prune-plugin-1.3.1.tgz#f7503d866093d7b2f3fd88b934c6f5be0243dadd"
  dependencies:
    bluebird "^3.4.7"

